
Microsoft Visual Studio Solution File, Format Version 12.00
# Visual Studio Version 17
VisualStudioVersion = 17.5.33627.172
MinimumVisualStudioVersion = 10.0.40219.1
Project("{9A19103F-16F7-4668-BE54-9A1E7A4F7556}") = "Text-BasedGame", "Text-BasedGame\Text-BasedGame.csproj", "{BDF7D52D-5EEE-4305-A901-3206395B2708}"
EndProject
Project("{9A19103F-16F7-4668-BE54-9A1E7A4F7556}") = "View", "View\View.csproj", "{394EFAB4-1C42-47E8-8A14-7A5B099F2016}"
EndProject
Project("{FAE04EC0-301F-11D3-BF4B-00C04F79EFBC}") = "Text-BasedGame.Test", "Text-BasedGame.Test\Text-BasedGame.Test.csproj", "{0654B71B-EEF6-4FAB-86D8-6EEB0A430294}"
EndProject
Global
	GlobalSection(SolutionConfigurationPlatforms) = preSolution
		Debug|Any CPU = Debug|Any CPU
		Release|Any CPU = Release|Any CPU
	EndGlobalSection
	GlobalSection(ProjectConfigurationPlatforms) = postSolution
		{BDF7D52D-5EEE-4305-A901-3206395B2708}.Debug|Any CPU.ActiveCfg = Debug|Any CPU
		{BDF7D52D-5EEE-4305-A901-3206395B2708}.Debug|Any CPU.Build.0 = Debug|Any CPU
		{BDF7D52D-5EEE-4305-A901-3206395B2708}.Release|Any CPU.ActiveCfg = Release|Any CPU
		{BDF7D52D-5EEE-4305-A901-3206395B2708}.Release|Any CPU.Build.0 = Release|Any CPU
		{394EFAB4-1C42-47E8-8A14-7A5B099F2016}.Debug|Any CPU.ActiveCfg = Debug|Any CPU
		{394EFAB4-1C42-47E8-8A14-7A5B099F2016}.Debug|Any CPU.Build.0 = Debug|Any CPU
		{394EFAB4-1C42-47E8-8A14-7A5B099F2016}.Release|Any CPU.ActiveCfg = Release|Any CPU
		{394EFAB4-1C42-47E8-8A14-7A5B099F2016}.Release|Any CPU.Build.0 = Release|Any CPU
		{0654B71B-EEF6-4FAB-86D8-6EEB0A430294}.Debug|Any CPU.ActiveCfg = Debug|Any CPU
		{0654B71B-EEF6-4FAB-86D8-6EEB0A430294}.Debug|Any CPU.Build.0 = Debug|Any CPU
		{0654B71B-EEF6-4FAB-86D8-6EEB0A430294}.Release|Any CPU.ActiveCfg = Release|Any CPU
		{0654B71B-EEF6-4FAB-86D8-6EEB0A430294}.Release|Any CPU.Build.0 = Release|Any CPU
	EndGlobalSection
	GlobalSection(SolutionProperties) = preSolution
		HideSolutionNode = FALSE
	EndGlobalSection
	GlobalSection(ExtensibilityGlobals) = postSolution
		SolutionGuid = {5626B11B-81D1-4946-8EC7-F5704FCE2279}
	EndGlobalSection
EndGlobal
